Microsoft Visual Studio Solution File, Format Version 12.00
# Visual Studio Version 17
VisualStudioVersion = 17.5.2.0
MinimumVisualStudioVersion = 10.0.40219.1
Project("{FAE04EC0-301F-11D3-BF4B-00C04F79EFBC}") = "Core.Gateway", "Core.Gateway.csproj", "{04E7DE16-855D-8045-7629-E4AF06036229}"
EndProject
Global
	GlobalSection(SolutionConfigurationPlatforms) = preSolution
		Debug|Any CPU = Debug|Any CPU
		Release|Any CPU = Release|Any CPU
	EndGlobalSection
	GlobalSection(ProjectConfigurationPlatforms) = postSolution
		{04E7DE16-855D-8045-7629-E4AF06036229}.Debug|Any CPU.ActiveCfg = Debug|Any CPU
		{04E7DE16-855D-8045-7629-E4AF06036229}.Debug|Any CPU.Build.0 = Debug|Any CPU
		{04E7DE16-855D-8045-7629-E4AF06036229}.Release|Any CPU.ActiveCfg = Release|Any CPU
		{04E7DE16-855D-8045-7629-E4AF06036229}.Release|Any CPU.Build.0 = Release|Any CPU
	EndGlobalSection
	GlobalSection(SolutionProperties) = preSolution
		HideSolutionNode = FALSE
	EndGlobalSection
	GlobalSection(ExtensibilityGlobals) = postSolution
		SolutionGuid = {26A405A9-5D0E-4AF1-9D6F-06140057592B}
	EndGlobalSection
EndGlobal
