
Microsoft Visual Studio Solution File, Format Version 12.00
# Visual Studio Version 17
VisualStudioVersion = 17.5.002.0
MinimumVisualStudioVersion = 10.0.40219.1
Project("{9A19103F-16F7-4668-BE54-9A1E7A4F7556}") = "Core.Frontend", "Core.Frontend.csproj", "{218EC000-E97F-47BE-96CE-FA4AA90FA0EF}"
EndProject
Global
	GlobalSection(SolutionConfigurationPlatforms) = preSolution
		Debug|Any CPU = Debug|Any CPU
		Release|Any CPU = Release|Any CPU
	EndGlobalSection
	GlobalSection(ProjectConfigurationPlatforms) = postSolution
		{218EC000-E97F-47BE-96CE-FA4AA90FA0EF}.Debug|Any CPU.ActiveCfg = Debug|Any CPU
		{218EC000-E97F-47BE-96CE-FA4AA90FA0EF}.Debug|Any CPU.Build.0 = Debug|Any CPU
		{218EC000-E97F-47BE-96CE-FA4AA90FA0EF}.Release|Any CPU.ActiveCfg = Release|Any CPU
		{218EC000-E97F-47BE-96CE-FA4AA90FA0EF}.Release|Any CPU.Build.0 = Release|Any CPU
	EndGlobalSection
	GlobalSection(SolutionProperties) = preSolution
		HideSolutionNode = FALSE
	EndGlobalSection
	GlobalSection(ExtensibilityGlobals) = postSolution
		SolutionGuid = {83BA6795-3C2D-436F-961E-4CE44EA27ABD}
	EndGlobalSection
EndGlobal
